
Microsoft Visual Studio Solution File, Format Version 12.00
# Visual Studio Version 16
VisualStudioVersion = 16.0.29728.190
MinimumVisualStudioVersion = 10.0.40219.1
Project("{FAE04EC0-301F-11D3-BF4B-00C04F79EFBC}") = "GitTest", "GitTest\GitTest.csproj", "{9A41F9F9-2F71-4E0E-B273-D52224F099FC}"
EndProject
Global
	GlobalSection(SolutionConfigurationPlatforms) = preSolution
		Debug|Any CPU = Debug|Any CPU
		Release|Any CPU = Release|Any CPU
	EndGlobalSection
	GlobalSection(ProjectConfigurationPlatforms) = postSolution
		{9A41F9F9-2F71-4E0E-B273-D52224F099FC}.Debug|Any CPU.ActiveCfg = Debug|Any CPU
		{9A41F9F9-2F71-4E0E-B273-D52224F099FC}.Debug|Any CPU.Build.0 = Debug|Any CPU
		{9A41F9F9-2F71-4E0E-B273-D52224F099FC}.Release|Any CPU.ActiveCfg = Release|Any CPU
		{9A41F9F9-2F71-4E0E-B273-D52224F099FC}.Release|Any CPU.Build.0 = Release|Any CPU
	EndGlobalSection
	GlobalSection(SolutionProperties) = preSolution
		HideSolutionNode = FALSE
	EndGlobalSection
	GlobalSection(ExtensibilityGlobals) = postSolution
		SolutionGuid = {8419073C-B85B-45B4-8C23-35EAA2449ABF}
	EndGlobalSection
EndGlobal
